
Microsoft Visual Studio Solution File, Format Version 12.00
# Visual Studio Version 16
VisualStudioVersion = 16.0.31624.102
MinimumVisualStudioVersion = 10.0.40219.1
Project("{FAE04EC0-301F-11D3-BF4B-00C04F79EFBC}") = "ExcelConvert", "ExcelConvert\ExcelConvert.csproj", "{4DE66991-335B-4B42-91A4-03CCD24BCA17}"
EndProject
Global
	GlobalSection(SolutionConfigurationPlatforms) = preSolution
		Debug|Any CPU = Debug|Any CPU
		Release|Any CPU = Release|Any CPU
	EndGlobalSection
	GlobalSection(ProjectConfigurationPlatforms) = postSolution
		{4DE66991-335B-4B42-91A4-03CCD24BCA17}.Debug|Any CPU.ActiveCfg = Debug|Any CPU
		{4DE66991-335B-4B42-91A4-03CCD24BCA17}.Debug|Any CPU.Build.0 = Debug|Any CPU
		{4DE66991-335B-4B42-91A4-03CCD24BCA17}.Release|Any CPU.ActiveCfg = Release|Any CPU
		{4DE66991-335B-4B42-91A4-03CCD24BCA17}.Release|Any CPU.Build.0 = Release|Any CPU
	EndGlobalSection
	GlobalSection(SolutionProperties) = preSolution
		HideSolutionNode = FALSE
	EndGlobalSection
	GlobalSection(ExtensibilityGlobals) = postSolution
		SolutionGuid = {33EFFED6-1A1D-4FC8-99FC-434C77AFF8B2}
	EndGlobalSection
EndGlobal
